
Microsoft Visual Studio Solution File, Format Version 12.00
# Visual Studio Version 17
VisualStudioVersion = 17.3.32901.215
MinimumVisualStudioVersion = 10.0.40219.1
Project("{FAE04EC0-301F-11D3-BF4B-00C04F79EFBC}") = "JsonHW", "JsonHW.csproj", "{95EEA162-FE86-4A76-9F3D-3D127B2DB056}"
EndProject
Global
	GlobalSection(SolutionConfigurationPlatforms) = preSolution
		Debug|Any CPU = Debug|Any CPU
		Release|Any CPU = Release|Any CPU
	EndGlobalSection
	GlobalSection(ProjectConfigurationPlatforms) = postSolution
		{95EEA162-FE86-4A76-9F3D-3D127B2DB056}.Debug|Any CPU.ActiveCfg = Debug|Any CPU
		{95EEA162-FE86-4A76-9F3D-3D127B2DB056}.Debug|Any CPU.Build.0 = Debug|Any CPU
		{95EEA162-FE86-4A76-9F3D-3D127B2DB056}.Release|Any CPU.ActiveCfg = Release|Any CPU
		{95EEA162-FE86-4A76-9F3D-3D127B2DB056}.Release|Any CPU.Build.0 = Release|Any CPU
	EndGlobalSection
	GlobalSection(SolutionProperties) = preSolution
		HideSolutionNode = FALSE
	EndGlobalSection
	GlobalSection(ExtensibilityGlobals) = postSolution
		SolutionGuid = {675240A1-267F-430D-9367-10FEA512EAED}
	EndGlobalSection
EndGlobal
